
Microsoft Visual Studio Solution File, Format Version 12.00
# Visual Studio Version 17
VisualStudioVersion = 17.12.35521.163
MinimumVisualStudioVersion = 10.0.40219.1
Project("{FAE04EC0-301F-11D3-BF4B-00C04F79EFBC}") = "LifeSync.Domain", "LifeSync.Domain\LifeSync.Domain.csproj", "{8A2085CF-5C0E-429D-862C-20BF1DB7D5C4}"
EndProject
Project("{FAE04EC0-301F-11D3-BF4B-00C04F79EFBC}") = "LifeSync.Application", "LifeSync.Application\LifeSync.Application.csproj", "{8B43FE86-04AE-44CE-83A8-88E118D511EA}"
EndProject
Project("{FAE04EC0-301F-11D3-BF4B-00C04F79EFBC}") = "LifeSync.Infrastructure", "LifeSync.Infrastructure\LifeSync.Infrastructure.csproj", "{C6A8376E-7528-4436-BB50-D0C6B35090AD}"
EndProject
Project("{FAE04EC0-301F-11D3-BF4B-00C04F79EFBC}") = "LifeSync.API", "LifeSync.API\LifeSync.API.csproj", "{6EBE4AD8-B49B-43C4-B98E-CF49A3491BAE}"
EndProject
Global
	GlobalSection(SolutionConfigurationPlatforms) = preSolution
		Debug|Any CPU = Debug|Any CPU
		Release|Any CPU = Release|Any CPU
	EndGlobalSection
	GlobalSection(ProjectConfigurationPlatforms) = postSolution
		{8A2085CF-5C0E-429D-862C-20BF1DB7D5C4}.Debug|Any CPU.ActiveCfg = Debug|Any CPU
		{8A2085CF-5C0E-429D-862C-20BF1DB7D5C4}.Debug|Any CPU.Build.0 = Debug|Any CPU
		{8A2085CF-5C0E-429D-862C-20BF1DB7D5C4}.Release|Any CPU.ActiveCfg = Release|Any CPU
		{8A2085CF-5C0E-429D-862C-20BF1DB7D5C4}.Release|Any CPU.Build.0 = Release|Any CPU
		{8B43FE86-04AE-44CE-83A8-88E118D511EA}.Debug|Any CPU.ActiveCfg = Debug|Any CPU
		{8B43FE86-04AE-44CE-83A8-88E118D511EA}.Debug|Any CPU.Build.0 = Debug|Any CPU
		{8B43FE86-04AE-44CE-83A8-88E118D511EA}.Release|Any CPU.ActiveCfg = Release|Any CPU
		{8B43FE86-04AE-44CE-83A8-88E118D511EA}.Release|Any CPU.Build.0 = Release|Any CPU
		{C6A8376E-7528-4436-BB50-D0C6B35090AD}.Debug|Any CPU.ActiveCfg = Debug|Any CPU
		{C6A8376E-7528-4436-BB50-D0C6B35090AD}.Debug|Any CPU.Build.0 = Debug|Any CPU
		{C6A8376E-7528-4436-BB50-D0C6B35090AD}.Release|Any CPU.ActiveCfg = Release|Any CPU
		{C6A8376E-7528-4436-BB50-D0C6B35090AD}.Release|Any CPU.Build.0 = Release|Any CPU
		{6EBE4AD8-B49B-43C4-B98E-CF49A3491BAE}.Debug|Any CPU.ActiveCfg = Debug|Any CPU
		{6EBE4AD8-B49B-43C4-B98E-CF49A3491BAE}.Debug|Any CPU.Build.0 = Debug|Any CPU
		{6EBE4AD8-B49B-43C4-B98E-CF49A3491BAE}.Release|Any CPU.ActiveCfg = Release|Any CPU
		{6EBE4AD8-B49B-43C4-B98E-CF49A3491BAE}.Release|Any CPU.Build.0 = Release|Any CPU
	EndGlobalSection
	GlobalSection(SolutionProperties) = preSolution
		HideSolutionNode = FALSE
	EndGlobalSection
EndGlobal
